{
  "requires": true,
  "lockfileVersion": 1,
  "dependencies": {
    "nody-greeter-types": {
      "version": "1.0.7",
      "resolved": "https://registry.npmjs.org/nody-greeter-types/-/nody-greeter-types-1.0.7.tgz",
      "integrity": "sha512-eaNGLWktHdcuPBhHg/um6R3W+EGRfy8VoEswh18RuV4OM80w/6k1NHPoUVLjF7+Wew4LpfNcnSpuWJlkWY6nXA=="
    }
  }
}
